
Microsoft Visual Studio Solution File, Format Version 12.00
# Visual Studio Version 17
VisualStudioVersion = 17.5.33627.172
MinimumVisualStudioVersion = 10.0.40219.1
Project("{54A90642-561A-4BB1-A94E-469ADEE60C69}") = "reactapp", "reactapp\reactapp.esproj", "{1891EA46-08F2-4345-865D-0D97183C2AD0}"
EndProject
Project("{9A19103F-16F7-4668-BE54-9A1E7A4F7556}") = "webapi", "webapi\webapi.csproj", "{309923C7-F63E-4245-9515-1AC55E6FDE91}"
EndProject
Project("{FAE04EC0-301F-11D3-BF4B-00C04F79EFBC}") = "SwapShop_Tests", "SwapShop_Tests\SwapShop_Tests.csproj", "{9B6963F7-3C8D-4C0B-89D0-D34F47DF830A}"
EndProject
Global
	GlobalSection(SolutionConfigurationPlatforms) = preSolution
		Debug|Any CPU = Debug|Any CPU
		Release|Any CPU = Release|Any CPU
	EndGlobalSection
	GlobalSection(ProjectConfigurationPlatforms) = postSolution
		{1891EA46-08F2-4345-865D-0D97183C2AD0}.Debug|Any CPU.ActiveCfg = Debug|Any CPU
		{1891EA46-08F2-4345-865D-0D97183C2AD0}.Debug|Any CPU.Build.0 = Debug|Any CPU
		{1891EA46-08F2-4345-865D-0D97183C2AD0}.Debug|Any CPU.Deploy.0 = Debug|Any CPU
		{1891EA46-08F2-4345-865D-0D97183C2AD0}.Release|Any CPU.ActiveCfg = Release|Any CPU
		{1891EA46-08F2-4345-865D-0D97183C2AD0}.Release|Any CPU.Build.0 = Release|Any CPU
		{1891EA46-08F2-4345-865D-0D97183C2AD0}.Release|Any CPU.Deploy.0 = Release|Any CPU
		{309923C7-F63E-4245-9515-1AC55E6FDE91}.Debug|Any CPU.ActiveCfg = Debug|Any CPU
		{309923C7-F63E-4245-9515-1AC55E6FDE91}.Debug|Any CPU.Build.0 = Debug|Any CPU
		{309923C7-F63E-4245-9515-1AC55E6FDE91}.Release|Any CPU.ActiveCfg = Release|Any CPU
		{309923C7-F63E-4245-9515-1AC55E6FDE91}.Release|Any CPU.Build.0 = Release|Any CPU
		{9B6963F7-3C8D-4C0B-89D0-D34F47DF830A}.Debug|Any CPU.ActiveCfg = Debug|Any CPU
		{9B6963F7-3C8D-4C0B-89D0-D34F47DF830A}.Debug|Any CPU.Build.0 = Debug|Any CPU
		{9B6963F7-3C8D-4C0B-89D0-D34F47DF830A}.Release|Any CPU.ActiveCfg = Release|Any CPU
		{9B6963F7-3C8D-4C0B-89D0-D34F47DF830A}.Release|Any CPU.Build.0 = Release|Any CPU
	EndGlobalSection
	GlobalSection(SolutionProperties) = preSolution
		HideSolutionNode = FALSE
	EndGlobalSection
	GlobalSection(ExtensibilityGlobals) = postSolution
		SolutionGuid = {E6CDF8E6-1391-4AB9-9786-F96486AAD76A}
	EndGlobalSection
EndGlobal
